
Microsoft Visual Studio Solution File, Format Version 12.00
# Visual Studio Version 17
VisualStudioVersion = 17.5.002.0
MinimumVisualStudioVersion = 10.0.40219.1
Project("{9A19103F-16F7-4668-BE54-9A1E7A4F7556}") = "Lesson1", "Lesson1.csproj", "{9C5CA21E-C6CD-418E-A060-D8526B226696}"
EndProject
Global
	GlobalSection(SolutionConfigurationPlatforms) = preSolution
		Debug|Any CPU = Debug|Any CPU
		Release|Any CPU = Release|Any CPU
	EndGlobalSection
	GlobalSection(ProjectConfigurationPlatforms) = postSolution
		{9C5CA21E-C6CD-418E-A060-D8526B226696}.Debug|Any CPU.ActiveCfg = Debug|Any CPU
		{9C5CA21E-C6CD-418E-A060-D8526B226696}.Debug|Any CPU.Build.0 = Debug|Any CPU
		{9C5CA21E-C6CD-418E-A060-D8526B226696}.Release|Any CPU.ActiveCfg = Release|Any CPU
		{9C5CA21E-C6CD-418E-A060-D8526B226696}.Release|Any CPU.Build.0 = Release|Any CPU
	EndGlobalSection
	GlobalSection(SolutionProperties) = preSolution
		HideSolutionNode = FALSE
	EndGlobalSection
	GlobalSection(ExtensibilityGlobals) = postSolution
		SolutionGuid = {597FDC3E-9798-4E5E-B54C-5EB37B84DFD9}
	EndGlobalSection
EndGlobal
